
Microsoft Visual Studio Solution File, Format Version 12.00
# Visual Studio Version 17
VisualStudioVersion = 17.14.36121.58
MinimumVisualStudioVersion = 10.0.40219.1
Project("{FAE04EC0-301F-11D3-BF4B-00C04F79EFBC}") = "EnergyWalk", "EnergyWalk\EnergyWalk.csproj", "{5BFF74C7-3734-4395-8D61-CE8E3F29492A}"
EndProject
Project("{FAE04EC0-301F-11D3-BF4B-00C04F79EFBC}") = "EnergyWalk.Common", "EnergyWalk.Common\EnergyWalk.Common.csproj", "{FADB8F2D-7310-4579-81C0-FDA718157F33}"
EndProject
Project("{FAE04EC0-301F-11D3-BF4B-00C04F79EFBC}") = "EnergyWalk.Services", "EnergyWalk.Services\EnergyWalk.Services.csproj", "{CA339CCD-7E18-4C3C-A844-E576BDAA8889}"
EndProject
Project("{FAE04EC0-301F-11D3-BF4B-00C04F79EFBC}") = "EnergyWalk.DataAccess", "EnergyWalk.DataAccess\EnergyWalk.DataAccess.csproj", "{95BA15CD-EA91-48F5-AEB5-0899287FF056}"
EndProject
Global
	GlobalSection(SolutionConfigurationPlatforms) = preSolution
		Debug|Any CPU = Debug|Any CPU
		Release|Any CPU = Release|Any CPU
	EndGlobalSection
	GlobalSection(ProjectConfigurationPlatforms) = postSolution
		{5BFF74C7-3734-4395-8D61-CE8E3F29492A}.Debug|Any CPU.ActiveCfg = Debug|Any CPU
		{5BFF74C7-3734-4395-8D61-CE8E3F29492A}.Debug|Any CPU.Build.0 = Debug|Any CPU
		{5BFF74C7-3734-4395-8D61-CE8E3F29492A}.Release|Any CPU.ActiveCfg = Release|Any CPU
		{5BFF74C7-3734-4395-8D61-CE8E3F29492A}.Release|Any CPU.Build.0 = Release|Any CPU
		{FADB8F2D-7310-4579-81C0-FDA718157F33}.Debug|Any CPU.ActiveCfg = Debug|Any CPU
		{FADB8F2D-7310-4579-81C0-FDA718157F33}.Debug|Any CPU.Build.0 = Debug|Any CPU
		{FADB8F2D-7310-4579-81C0-FDA718157F33}.Release|Any CPU.ActiveCfg = Release|Any CPU
		{FADB8F2D-7310-4579-81C0-FDA718157F33}.Release|Any CPU.Build.0 = Release|Any CPU
		{CA339CCD-7E18-4C3C-A844-E576BDAA8889}.Debug|Any CPU.ActiveCfg = Debug|Any CPU
		{CA339CCD-7E18-4C3C-A844-E576BDAA8889}.Debug|Any CPU.Build.0 = Debug|Any CPU
		{CA339CCD-7E18-4C3C-A844-E576BDAA8889}.Release|Any CPU.ActiveCfg = Release|Any CPU
		{CA339CCD-7E18-4C3C-A844-E576BDAA8889}.Release|Any CPU.Build.0 = Release|Any CPU
		{95BA15CD-EA91-48F5-AEB5-0899287FF056}.Debug|Any CPU.ActiveCfg = Debug|Any CPU
		{95BA15CD-EA91-48F5-AEB5-0899287FF056}.Debug|Any CPU.Build.0 = Debug|Any CPU
		{95BA15CD-EA91-48F5-AEB5-0899287FF056}.Release|Any CPU.ActiveCfg = Release|Any CPU
		{95BA15CD-EA91-48F5-AEB5-0899287FF056}.Release|Any CPU.Build.0 = Release|Any CPU
	EndGlobalSection
	GlobalSection(SolutionProperties) = preSolution
		HideSolutionNode = FALSE
	EndGlobalSection
	GlobalSection(ExtensibilityGlobals) = postSolution
		SolutionGuid = {7DAF1194-2536-47B2-B58E-2E49A25E70C5}
	EndGlobalSection
EndGlobal
